// !$*UTF8*$!
{
	archiveVersion = 1;
	classes = {
	};
	objectVersion = 46;
	objects = {

/* Begin PBXBuildFile section */
		7401C3D0192D2AA800A8FF5F /* WPQTinyMCEViewController.m in Sources */ = {isa = PBXBuildFile; fileRef = 7401C3CF192D2AA800A8FF5F /* WPQTinyMCEViewController.m */; };
		74103D75192A916C009E04F4 /* content.html in Resources */ = {isa = PBXBuildFile; fileRef = 74103D74192A916C009E04F4 /* content.html */; };
		741367241926A55100AD07DD /* WPKeyboardToolbarBase.m in Sources */ = {isa = PBXBuildFile; fileRef = 741367211926A55100AD07DD /* WPKeyboardToolbarBase.m */; };
		741367251926A55100AD07DD /* WPKeyboardToolbarBase.m in Sources */ = {isa = PBXBuildFile; fileRef = 741367211926A55100AD07DD /* WPKeyboardToolbarBase.m */; };
		741367261926A55100AD07DD /* WPKeyboardToolbarButtonItem.m in Sources */ = {isa = PBXBuildFile; fileRef = 741367231926A55100AD07DD /* WPKeyboardToolbarButtonItem.m */; };
		741367271926A55100AD07DD /* WPKeyboardToolbarButtonItem.m in Sources */ = {isa = PBXBuildFile; fileRef = 741367231926A55100AD07DD /* WPKeyboardToolbarButtonItem.m */; };
		7413672A1926A92900AD07DD /* WPStyleGuide.m in Sources */ = {isa = PBXBuildFile; fileRef = 741367291926A92900AD07DD /* WPStyleGuide.m */; };
		7413672B1926A92900AD07DD /* WPStyleGuide.m in Sources */ = {isa = PBXBuildFile; fileRef = 741367291926A92900AD07DD /* WPStyleGuide.m */; };
		7440DF43192D4FA400855CA8 /* tinymce_style.css in Resources */ = {isa = PBXBuildFile; fileRef = 7440DF42192D4FA400855CA8 /* tinymce_style.css */; };
		746B2A111925699C0026C671 /* Foundation.framework in Frameworks */ = {isa = PBXBuildFile; fileRef = 746B2A101925699C0026C671 /* Foundation.framework */; };
		746B2A131925699C0026C671 /* CoreGraphics.framework in Frameworks */ = {isa = PBXBuildFile; fileRef = 746B2A121925699C0026C671 /* CoreGraphics.framework */; };
		746B2A151925699C0026C671 /* UIKit.framework in Frameworks */ = {isa = PBXBuildFile; fileRef = 746B2A141925699C0026C671 /* UIKit.framework */; };
		746B2A1B1925699C0026C671 /* InfoPlist.strings in Resources */ = {isa = PBXBuildFile; fileRef = 746B2A191925699C0026C671 /* InfoPlist.strings */; };
		746B2A1D1925699C0026C671 /* main.m in Sources */ = {isa = PBXBuildFile; fileRef = 746B2A1C1925699C0026C671 /* main.m */; };
		746B2A211925699C0026C671 /* WPQAppDelegate.m in Sources */ = {isa = PBXBuildFile; fileRef = 746B2A201925699C0026C671 /* WPQAppDelegate.m */; };
		746B2A241925699C0026C671 /* Main_iPhone.storyboard in Resources */ = {isa = PBXBuildFile; fileRef = 746B2A221925699C0026C671 /* Main_iPhone.storyboard */; };
		746B2A271925699C0026C671 /* Main_iPad.storyboard in Resources */ = {isa = PBXBuildFile; fileRef = 746B2A251925699C0026C671 /* Main_iPad.storyboard */; };
		746B2A2A1925699C0026C671 /* WPQViewController.m in Sources */ = {isa = PBXBuildFile; fileRef = 746B2A291925699C0026C671 /* WPQViewController.m */; };
		746B2A2C1925699C0026C671 /* Images.xcassets in Resources */ = {isa = PBXBuildFile; fileRef = 746B2A2B1925699C0026C671 /* Images.xcassets */; };
		746B2A331925699C0026C671 /* XCTest.framework in Frameworks */ = {isa = PBXBuildFile; fileRef = 746B2A321925699C0026C671 /* XCTest.framework */; };
		746B2A341925699C0026C671 /* Foundation.framework in Frameworks */ = {isa = PBXBuildFile; fileRef = 746B2A101925699C0026C671 /* Foundation.framework */; };
		746B2A351925699C0026C671 /* UIKit.framework in Frameworks */ = {isa = PBXBuildFile; fileRef = 746B2A141925699C0026C671 /* UIKit.framework */; };
		746B2A3D1925699C0026C671 /* InfoPlist.strings in Resources */ = {isa = PBXBuildFile; fileRef = 746B2A3B1925699C0026C671 /* InfoPlist.strings */; };
		746B2A3F1925699C0026C671 /* EditorTestTests.m in Sources */ = {isa = PBXBuildFile; fileRef = 746B2A3E1925699C0026C671 /* EditorTestTests.m */; };
		746B2A4A19256A010026C671 /* quill.js in Resources */ = {isa = PBXBuildFile; fileRef = 746B2A4819256A010026C671 /* quill.js */; };
		746B2A4B19256A010026C671 /* quill.min.js in Resources */ = {isa = PBXBuildFile; fileRef = 746B2A4919256A010026C671 /* quill.min.js */; };
		746B2A4D19256A0D0026C671 /* quill_native_index.html in Resources */ = {isa = PBXBuildFile; fileRef = 746B2A4C19256A0D0026C671 /* quill_native_index.html */; };
		746B2A4F19256A4C0026C671 /* style.css in Resources */ = {isa = PBXBuildFile; fileRef = 746B2A4E19256A4C0026C671 /* style.css */; };
		74834B4F192B9FF20084A1F1 /* content_long.html in Resources */ = {isa = PBXBuildFile; fileRef = 74834B4D192B9FF20084A1F1 /* content_long.html */; };
		74834B50192B9FF20084A1F1 /* content_short.html in Resources */ = {isa = PBXBuildFile; fileRef = 74834B4E192B9FF20084A1F1 /* content_short.html */; };
		74834B55192BA6590084A1F1 /* NSString+HTML.m in Sources */ = {isa = PBXBuildFile; fileRef = 74834B54192BA6590084A1F1 /* NSString+HTML.m */; };
		74834B58192BA6FE0084A1F1 /* GTMNSString+HTML.m in Sources */ = {isa = PBXBuildFile; fileRef = 74834B57192BA6FE0084A1F1 /* GTMNSString+HTML.m */; };
		74834B5C192BDE8C0084A1F1 /* MMStopwatchARC.m in Sources */ = {isa = PBXBuildFile; fileRef = 74834B5B192BDE8C0084A1F1 /* MMStopwatchARC.m */; };
		74A918FA192AB090006F60AB /* WPQNativeQuillViewController.m in Sources */ = {isa = PBXBuildFile; fileRef = 74A918F9192AB090006F60AB /* WPQNativeQuillViewController.m */; };
		74D46F5D192D40D20033552E /* WPQUtilities.m in Sources */ = {isa = PBXBuildFile; fileRef = 74D46F5C192D40D20033552E /* WPQUtilities.m */; };
		74D46F88192D49EA0033552E /* tinymce_native_index.html in Resources */ = {isa = PBXBuildFile; fileRef = 74D46F74192D49EA0033552E /* tinymce_native_index.html */; };
		74EDA506192D7EC900C2565C /* license.txt in Resources */ = {isa = PBXBuildFile; fileRef = 74EDA483192D7EC900C2565C /* license.txt */; };
		74EDA511192D7EC900C2565C /* smiley-cool.gif in Resources */ = {isa = PBXBuildFile; fileRef = 74EDA49B192D7EC900C2565C /* smiley-cool.gif */; };
		74EDA512192D7EC900C2565C /* smiley-cry.gif in Resources */ = {isa = PBXBuildFile; fileRef = 74EDA49C192D7EC900C2565C /* smiley-cry.gif */; };
		74EDA513192D7EC900C2565C /* smiley-embarassed.gif in Resources */ = {isa = PBXBuildFile; fileRef = 74EDA49D192D7EC900C2565C /* smiley-embarassed.gif */; };
		74EDA514192D7EC900C2565C /* smiley-foot-in-mouth.gif in Resources */ = {isa = PBXBuildFile; fileRef = 74EDA49E192D7EC900C2565C /* smiley-foot-in-mouth.gif */; };
		74EDA515192D7EC900C2565C /* smiley-frown.gif in Resources */ = {isa = PBXBuildFile; fileRef = 74EDA49F192D7EC900C2565C /* smiley-frown.gif */; };
		74EDA516192D7EC900C2565C /* smiley-innocent.gif in Resources */ = {isa = PBXBuildFile; fileRef = 74EDA4A0192D7EC900C2565C /* smiley-innocent.gif */; };
		74EDA517192D7EC900C2565C /* smiley-kiss.gif in Resources */ = {isa = PBXBuildFile; fileRef = 74EDA4A1192D7EC900C2565C /* smiley-kiss.gif */; };
		74EDA518192D7EC900C2565C /* smiley-laughing.gif in Resources */ = {isa = PBXBuildFile; fileRef = 74EDA4A2192D7EC900C2565C /* smiley-laughing.gif */; };
		74EDA519192D7EC900C2565C /* smiley-money-mouth.gif in Resources */ = {isa = PBXBuildFile; fileRef = 74EDA4A3192D7EC900C2565C /* smiley-money-mouth.gif */; };
		74EDA51A192D7EC900C2565C /* smiley-sealed.gif in Resources */ = {isa = PBXBuildFile; fileRef = 74EDA4A4192D7EC900C2565C /* smiley-sealed.gif */; };
		74EDA51B192D7EC900C2565C /* smiley-smile.gif in Resources */ = {isa = PBXBuildFile; fileRef = 74EDA4A5192D7EC900C2565C /* smiley-smile.gif */; };
		74EDA51C192D7EC900C2565C /* smiley-surprised.gif in Resources */ = {isa = PBXBuildFile; fileRef = 74EDA4A6192D7EC900C2565C /* smiley-surprised.gif */; };
		74EDA51D192D7EC900C2565C /* smiley-tongue-out.gif in Resources */ = {isa = PBXBuildFile; fileRef = 74EDA4A7192D7EC900C2565C /* smiley-tongue-out.gif */; };
		74EDA51E192D7EC900C2565C /* smiley-undecided.gif in Resources */ = {isa = PBXBuildFile; fileRef = 74EDA4A8192D7EC900C2565C /* smiley-undecided.gif */; };
		74EDA51F192D7EC900C2565C /* smiley-wink.gif in Resources */ = {isa = PBXBuildFile; fileRef = 74EDA4A9192D7EC900C2565C /* smiley-wink.gif */; };
		74EDA520192D7EC900C2565C /* smiley-yell.gif in Resources */ = {isa = PBXBuildFile; fileRef = 74EDA4AA192D7EC900C2565C /* smiley-yell.gif */; };
		74EDA522192D7EC900C2565C /* dialog.html in Resources */ = {isa = PBXBuildFile; fileRef = 74EDA4AD192D7EC900C2565C /* dialog.html */; };
		74EDA53E192D7EC900C2565C /* visualblocks.css in Resources */ = {isa = PBXBuildFile; fileRef = 74EDA4E4192D7EC900C2565C /* visualblocks.css */; };
		74EDA542192D7EC900C2565C /* content.inline.min.css in Resources */ = {isa = PBXBuildFile; fileRef = 74EDA4EC192D7EC900C2565C /* content.inline.min.css */; };
		74EDA543192D7EC900C2565C /* content.min.css in Resources */ = {isa = PBXBuildFile; fileRef = 74EDA4ED192D7EC900C2565C /* content.min.css */; };
		74EDA544192D7EC900C2565C /* readme.md in Resources */ = {isa = PBXBuildFile; fileRef = 74EDA4EF192D7EC900C2565C /* readme.md */; };
		74EDA545192D7EC900C2565C /* tinymce-small.dev.svg in Resources */ = {isa = PBXBuildFile; fileRef = 74EDA4F0192D7EC900C2565C /* tinymce-small.dev.svg */; };
		74EDA546192D7EC900C2565C /* tinymce-small.eot in Resources */ = {isa = PBXBuildFile; fileRef = 74EDA4F1192D7EC900C2565C /* tinymce-small.eot */; };
		74EDA547192D7EC900C2565C /* tinymce-small.svg in Resources */ = {isa = PBXBuildFile; fileRef = 74EDA4F2192D7EC900C2565C /* tinymce-small.svg */; };
		74EDA548192D7EC900C2565C /* tinymce-small.ttf in Resources */ = {isa = PBXBuildFile; fileRef = 74EDA4F3192D7EC900C2565C /* tinymce-small.ttf */; };
		74EDA549192D7EC900C2565C /* tinymce-small.woff in Resources */ = {isa = PBXBuildFile; fileRef = 74EDA4F4192D7EC900C2565C /* tinymce-small.woff */; };
		74EDA54A192D7ECA00C2565C /* tinymce.dev.svg in Resources */ = {isa = PBXBuildFile; fileRef = 74EDA4F5192D7EC900C2565C /* tinymce.dev.svg */; };
		74EDA54B192D7ECA00C2565C /* tinymce.eot in Resources */ = {isa = PBXBuildFile; fileRef = 74EDA4F6192D7EC900C2565C /* tinymce.eot */; };
		74EDA54C192D7ECA00C2565C /* tinymce.svg in Resources */ = {isa = PBXBuildFile; fileRef = 74EDA4F7192D7EC900C2565C /* tinymce.svg */; };
		74EDA54D192D7ECA00C2565C /* tinymce.ttf in Resources */ = {isa = PBXBuildFile; fileRef = 74EDA4F8192D7EC900C2565C /* tinymce.ttf */; };
		74EDA54E192D7ECA00C2565C /* tinymce.woff in Resources */ = {isa = PBXBuildFile; fileRef = 74EDA4F9192D7EC900C2565C /* tinymce.woff */; };
		74EDA54F192D7ECA00C2565C /* anchor.gif in Resources */ = {isa = PBXBuildFile; fileRef = 74EDA4FB192D7EC900C2565C /* anchor.gif */; };
		74EDA550192D7ECA00C2565C /* loader.gif in Resources */ = {isa = PBXBuildFile; fileRef = 74EDA4FC192D7EC900C2565C /* loader.gif */; };
		74EDA551192D7ECA00C2565C /* object.gif in Resources */ = {isa = PBXBuildFile; fileRef = 74EDA4FD192D7EC900C2565C /* object.gif */; };
		74EDA552192D7ECA00C2565C /* trans.gif in Resources */ = {isa = PBXBuildFile; fileRef = 74EDA4FE192D7EC900C2565C /* trans.gif */; };
		74EDA553192D7ECA00C2565C /* skin.ie7.min.css in Resources */ = {isa = PBXBuildFile; fileRef = 74EDA4FF192D7EC900C2565C /* skin.ie7.min.css */; };
		74EDA554192D7ECA00C2565C /* skin.min.css in Resources */ = {isa = PBXBuildFile; fileRef = 74EDA500192D7EC900C2565C /* skin.min.css */; };
		74EDA580192D7F4100C2565C /* theme.min.js in Resources */ = {isa = PBXBuildFile; fileRef = 74EDA503192D7EC900C2565C /* theme.min.js */; };
		74EDA581192D7F4100C2565C /* tinymce.min.js in Resources */ = {isa = PBXBuildFile; fileRef = 74EDA504192D7EC900C2565C /* tinymce.min.js */; };
/* End PBXBuildFile section */

/* Begin PBXContainerItemProxy section */
		746B2A361925699C0026C671 /* PBXContainerItemProxy */ = {
			isa = PBXContainerItemProxy;
			containerPortal = 746B2A051925699B0026C671 /* Project object */;
			proxyType = 1;
			remoteGlobalIDString = 746B2A0C1925699B0026C671;
			remoteInfo = QuillTest;
		};
/* End PBXContainerItemProxy section */

/* Begin PBXFileReference section */
		7401C3CE192D2AA800A8FF5F /* WPQTinyMCEViewController.h */ = {isa = PBXFileReference; fileEncoding = 4; lastKnownFileType = sourcecode.c.h; path = WPQTinyMCEViewController.h; sourceTree = "<group>"; };
		7401C3CF192D2AA800A8FF5F /* WPQTinyMCEViewController.m */ = {isa = PBXFileReference; fileEncoding = 4; lastKnownFileType = sourcecode.c.objc; path = WPQTinyMCEViewController.m; sourceTree = "<group>"; };
		74103D74192A916C009E04F4 /* content.html */ = {isa = PBXFileReference; fileEncoding = 4; lastKnownFileType = text.html; path = content.html; sourceTree = "<group>"; };
		741367201926A55100AD07DD /* WPKeyboardToolbarBase.h */ = {isa = PBXFileReference; fileEncoding = 4; lastKnownFileType = sourcecode.c.h; path = WPKeyboardToolbarBase.h; sourceTree = "<group>"; };
		741367211926A55100AD07DD /* WPKeyboardToolbarBase.m */ = {isa = PBXFileReference; fileEncoding = 4; lastKnownFileType = sourcecode.c.objc; path = WPKeyboardToolbarBase.m; sourceTree = "<group>"; };
		741367221926A55100AD07DD /* WPKeyboardToolbarButtonItem.h */ = {isa = PBXFileReference; fileEncoding = 4; lastKnownFileType = sourcecode.c.h; path = WPKeyboardToolbarButtonItem.h; sourceTree = "<group>"; };
		741367231926A55100AD07DD /* WPKeyboardToolbarButtonItem.m */ = {isa = PBXFileReference; fileEncoding = 4; lastKnownFileType = sourcecode.c.objc; path = WPKeyboardToolbarButtonItem.m; sourceTree = "<group>"; };
		741367281926A92900AD07DD /* WPStyleGuide.h */ = {isa = PBXFileReference; fileEncoding = 4; lastKnownFileType = sourcecode.c.h; path = WPStyleGuide.h; sourceTree = "<group>"; };
		741367291926A92900AD07DD /* WPStyleGuide.m */ = {isa = PBXFileReference; fileEncoding = 4; lastKnownFileType = sourcecode.c.objc; path = WPStyleGuide.m; sourceTree = "<group>"; };
		7440DF42192D4FA400855CA8 /* tinymce_style.css */ = {isa = PBXFileReference; fileEncoding = 4; lastKnownFileType = text.css; path = tinymce_style.css; sourceTree = "<group>"; };
		746B2A0D1925699C0026C671 /* EditorTest.app */ = {isa = PBXFileReference; explicitFileType = wrapper.application; includeInIndex = 0; path = EditorTest.app; sourceTree = BUILT_PRODUCTS_DIR; };
		746B2A101925699C0026C671 /* Foundation.framework */ = {isa = PBXFileReference; lastKnownFileType = wrapper.framework; name = Foundation.framework; path = System/Library/Frameworks/Foundation.framework; sourceTree = SDKROOT; };
		746B2A121925699C0026C671 /* CoreGraphics.framework */ = {isa = PBXFileReference; lastKnownFileType = wrapper.framework; name = CoreGraphics.framework; path = System/Library/Frameworks/CoreGraphics.framework; sourceTree = SDKROOT; };
		746B2A141925699C0026C671 /* UIKit.framework */ = {isa = PBXFileReference; lastKnownFileType = wrapper.framework; name = UIKit.framework; path = System/Library/Frameworks/UIKit.framework; sourceTree = SDKROOT; };
		746B2A181925699C0026C671 /* EditorTest-Info.plist */ = {isa = PBXFileReference; lastKnownFileType = text.plist.xml; path = "EditorTest-Info.plist"; sourceTree = "<group>"; };
		746B2A1A1925699C0026C671 /* en */ = {isa = PBXFileReference; lastKnownFileType = text.plist.strings; name = en; path = en.lproj/InfoPlist.strings; sourceTree = "<group>"; };
		746B2A1C1925699C0026C671 /* main.m */ = {isa = PBXFileReference; lastKnownFileType = sourcecode.c.objc; path = main.m; sourceTree = "<group>"; };
		746B2A1E1925699C0026C671 /* EditorTest-Prefix.pch */ = {isa = PBXFileReference; lastKnownFileType = sourcecode.c.h; path = "EditorTest-Prefix.pch"; sourceTree = "<group>"; };
		746B2A1F1925699C0026C671 /* WPQAppDelegate.h */ = {isa = PBXFileReference; lastKnownFileType = sourcecode.c.h; path = WPQAppDelegate.h; sourceTree = "<group>"; };
		746B2A201925699C0026C671 /* WPQAppDelegate.m */ = {isa = PBXFileReference; lastKnownFileType = sourcecode.c.objc; path = WPQAppDelegate.m; sourceTree = "<group>"; };
		746B2A231925699C0026C671 /* Base */ = {isa = PBXFileReference; lastKnownFileType = file.storyboard; name = Base; path = Base.lproj/Main_iPhone.storyboard; sourceTree = "<group>"; };
		746B2A261925699C0026C671 /* Base */ = {isa = PBXFileReference; lastKnownFileType = file.storyboard; name = Base; path = Base.lproj/Main_iPad.storyboard; sourceTree = "<group>"; };
		746B2A281925699C0026C671 /* WPQViewController.h */ = {isa = PBXFileReference; lastKnownFileType = sourcecode.c.h; path = WPQViewController.h; sourceTree = "<group>"; };
		746B2A291925699C0026C671 /* WPQViewController.m */ = {isa = PBXFileReference; lastKnownFileType = sourcecode.c.objc; path = WPQViewController.m; sourceTree = "<group>"; };
		746B2A2B1925699C0026C671 /* Images.xcassets */ = {isa = PBXFileReference; lastKnownFileType = folder.assetcatalog; path = Images.xcassets; sourceTree = "<group>"; };
		746B2A311925699C0026C671 /* EditorTestTests.xctest */ = {isa = PBXFileReference; explicitFileType = wrapper.cfbundle; includeInIndex = 0; path = EditorTestTests.xctest; sourceTree = BUILT_PRODUCTS_DIR; };
		746B2A321925699C0026C671 /* XCTest.framework */ = {isa = PBXFileReference; lastKnownFileType = wrapper.framework; name = XCTest.framework; path = Library/Frameworks/XCTest.framework; sourceTree = DEVELOPER_DIR; };
		746B2A3A1925699C0026C671 /* EditorTestTests-Info.plist */ = {isa = PBXFileReference; lastKnownFileType = text.plist.xml; path = "EditorTestTests-Info.plist"; sourceTree = "<group>"; };
		746B2A3C1925699C0026C671 /* en */ = {isa = PBXFileReference; lastKnownFileType = text.plist.strings; name = en; path = en.lproj/InfoPlist.strings; sourceTree = "<group>"; };
		746B2A3E1925699C0026C671 /* EditorTestTests.m */ = {isa = PBXFileReference; lastKnownFileType = sourcecode.c.objc; path = EditorTestTests.m; sourceTree = "<group>"; };
		746B2A4819256A010026C671 /* quill.js */ = {isa = PBXFileReference; fileEncoding = 4; lastKnownFileType = sourcecode.javascript; path = quill.js; sourceTree = "<group>"; };
		746B2A4919256A010026C671 /* quill.min.js */ = {isa = PBXFileReference; fileEncoding = 4; lastKnownFileType = sourcecode.javascript; path = quill.min.js; sourceTree = "<group>"; };
		746B2A4C19256A0D0026C671 /* quill_native_index.html */ = {isa = PBXFileReference; fileEncoding = 4; lastKnownFileType = text.html; path = quill_native_index.html; sourceTree = "<group>"; };
		746B2A4E19256A4C0026C671 /* style.css */ = {isa = PBXFileReference; fileEncoding = 4; lastKnownFileType = text.css; path = style.css; sourceTree = "<group>"; };
		74834B4D192B9FF20084A1F1 /* content_long.html */ = {isa = PBXFileReference; fileEncoding = 4; lastKnownFileType = text.html; path = content_long.html; sourceTree = "<group>"; };
		74834B4E192B9FF20084A1F1 /* content_short.html */ = {isa = PBXFileReference; fileEncoding = 4; lastKnownFileType = text.html; path = content_short.html; sourceTree = "<group>"; };
		74834B53192BA6590084A1F1 /* NSString+HTML.h */ = {isa = PBXFileReference; fileEncoding = 4; lastKnownFileType = sourcecode.c.h; path = "NSString+HTML.h"; sourceTree = "<group>"; };
		74834B54192BA6590084A1F1 /* NSString+HTML.m */ = {isa = PBXFileReference; fileEncoding = 4; lastKnownFileType = sourcecode.c.objc; path = "NSString+HTML.m"; sourceTree = "<group>"; };
		74834B56192BA6E50084A1F1 /* GTMNSString+HTML.h */ = {isa = PBXFileReference; fileEncoding = 4; lastKnownFileType = sourcecode.c.h; path = "GTMNSString+HTML.h"; sourceTree = "<group>"; };
		74834B57192BA6FE0084A1F1 /* GTMNSString+HTML.m */ = {isa = PBXFileReference; fileEncoding = 4; lastKnownFileType = sourcecode.c.objc; path = "GTMNSString+HTML.m"; sourceTree = "<group>"; };
		74834B5A192BDE8C0084A1F1 /* MMStopwatchARC.h */ = {isa = PBXFileReference; fileEncoding = 4; lastKnownFileType = sourcecode.c.h; path = MMStopwatchARC.h; sourceTree = "<group>"; };
		74834B5B192BDE8C0084A1F1 /* MMStopwatchARC.m */ = {isa = PBXFileReference; fileEncoding = 4; lastKnownFileType = sourcecode.c.objc; path = MMStopwatchARC.m; sourceTree = "<group>"; };
		74A918F8192AB090006F60AB /* WPQNativeQuillViewController.h */ = {isa = PBXFileReference; fileEncoding = 4; lastKnownFileType = sourcecode.c.h; path = WPQNativeQuillViewController.h; sourceTree = "<group>"; };
		74A918F9192AB090006F60AB /* WPQNativeQuillViewController.m */ = {isa = PBXFileReference; fileEncoding = 4; lastKnownFileType = sourcecode.c.objc; path = WPQNativeQuillViewController.m; sourceTree = "<group>"; };
		74D46F5B192D40D20033552E /* WPQUtilities.h */ = {isa = PBXFileReference; fileEncoding = 4; lastKnownFileType = sourcecode.c.h; path = WPQUtilities.h; sourceTree = "<group>"; };
		74D46F5C192D40D20033552E /* WPQUtilities.m */ = {isa = PBXFileReference; fileEncoding = 4; lastKnownFileType = sourcecode.c.objc; path = WPQUtilities.m; sourceTree = "<group>"; };
		74D46F74192D49EA0033552E /* tinymce_native_index.html */ = {isa = PBXFileReference; fileEncoding = 4; lastKnownFileType = text.html; path = tinymce_native_index.html; sourceTree = "<group>"; };
		74EDA482192D7EC900C2565C /* readme.md */ = {isa = PBXFileReference; fileEncoding = 4; lastKnownFileType = text; path = readme.md; sourceTree = "<group>"; };
		74EDA483192D7EC900C2565C /* license.txt */ = {isa = PBXFileReference; fileEncoding = 4; lastKnownFileType = text; path = license.txt; sourceTree = "<group>"; };
		74EDA486192D7EC900C2565C /* plugin.min.js */ = {isa = PBXFileReference; fileEncoding = 4; lastKnownFileType = sourcecode.javascript; path = plugin.min.js; sourceTree = "<group>"; };
		74EDA488192D7EC900C2565C /* plugin.min.js */ = {isa = PBXFileReference; fileEncoding = 4; lastKnownFileType = sourcecode.javascript; path = plugin.min.js; sourceTree = "<group>"; };
		74EDA48A192D7EC900C2565C /* plugin.min.js */ = {isa = PBXFileReference; fileEncoding = 4; lastKnownFileType = sourcecode.javascript; path = plugin.min.js; sourceTree = "<group>"; };
		74EDA48C192D7EC900C2565C /* plugin.min.js */ = {isa = PBXFileReference; fileEncoding = 4; lastKnownFileType = sourcecode.javascript; path = plugin.min.js; sourceTree = "<group>"; };
		74EDA48E192D7EC900C2565C /* plugin.min.js */ = {isa = PBXFileReference; fileEncoding = 4; lastKnownFileType = sourcecode.javascript; path = plugin.min.js; sourceTree = "<group>"; };
		74EDA490192D7EC900C2565C /* plugin.min.js */ = {isa = PBXFileReference; fileEncoding = 4; lastKnownFileType = sourcecode.javascript; path = plugin.min.js; sourceTree = "<group>"; };
		74EDA492192D7EC900C2565C /* plugin.min.js */ = {isa = PBXFileReference; fileEncoding = 4; lastKnownFileType = sourcecode.javascript; path = plugin.min.js; sourceTree = "<group>"; };
		74EDA494192D7EC900C2565C /* plugin.min.js */ = {isa = PBXFileReference; fileEncoding = 4; lastKnownFileType = sourcecode.javascript; path = plugin.min.js; sourceTree = "<group>"; };
		74EDA496192D7EC900C2565C /* plugin.min.js */ = {isa = PBXFileReference; fileEncoding = 4; lastKnownFileType = sourcecode.javascript; path = plugin.min.js; sourceTree = "<group>"; };
		74EDA498192D7EC900C2565C /* plugin.min.js */ = {isa = PBXFileReference; fileEncoding = 4; lastKnownFileType = sourcecode.javascript; path = plugin.min.js; sourceTree = "<group>"; };
		74EDA49B192D7EC900C2565C /* smiley-cool.gif */ = {isa = PBXFileReference; lastKnownFileType = image.gif; path = "smiley-cool.gif"; sourceTree = "<group>"; };
		74EDA49C192D7EC900C2565C /* smiley-cry.gif */ = {isa = PBXFileReference; lastKnownFileType = image.gif; path = "smiley-cry.gif"; sourceTree = "<group>"; };
		74EDA49D192D7EC900C2565C /* smiley-embarassed.gif */ = {isa = PBXFileReference; lastKnownFileType = image.gif; path = "smiley-embarassed.gif"; sourceTree = "<group>"; };
		74EDA49E192D7EC900C2565C /* smiley-foot-in-mouth.gif */ = {isa = PBXFileReference; lastKnownFileType = image.gif; path = "smiley-foot-in-mouth.gif"; sourceTree = "<group>"; };
		74EDA49F192D7EC900C2565C /* smiley-frown.gif */ = {isa = PBXFileReference; lastKnownFileType = image.gif; path = "smiley-frown.gif"; sourceTree = "<group>"; };
		74EDA4A0192D7EC900C2565C /* smiley-innocent.gif */ = {isa = PBXFileReference; lastKnownFileType = image.gif; path = "smiley-innocent.gif"; sourceTree = "<group>"; };
		74EDA4A1192D7EC900C2565C /* smiley-kiss.gif */ = {isa = PBXFileReference; lastKnownFileType = image.gif; path = "smiley-kiss.gif"; sourceTree = "<group>"; };
		74EDA4A2192D7EC900C2565C /* smiley-laughing.gif */ = {isa = PBXFileReference; lastKnownFileType = image.gif; path = "smiley-laughing.gif"; sourceTree = "<group>"; };
		74EDA4A3192D7EC900C2565C /* smiley-money-mouth.gif */ = {isa = PBXFileReference; lastKnownFileType = image.gif; path = "smiley-money-mouth.gif"; sourceTree = "<group>"; };
		74EDA4A4192D7EC900C2565C /* smiley-sealed.gif */ = {isa = PBXFileReference; lastKnownFileType = image.gif; path = "smiley-sealed.gif"; sourceTree = "<group>"; };
		74EDA4A5192D7EC900C2565C /* smiley-smile.gif */ = {isa = PBXFileReference; lastKnownFileType = image.gif; path = "smiley-smile.gif"; sourceTree = "<group>"; };
		74EDA4A6192D7EC900C2565C /* smiley-surprised.gif */ = {isa = PBXFileReference; lastKnownFileType = image.gif; path = "smiley-surprised.gif"; sourceTree = "<group>"; };
		74EDA4A7192D7EC900C2565C /* smiley-tongue-out.gif */ = {isa = PBXFileReference; lastKnownFileType = image.gif; path = "smiley-tongue-out.gif"; sourceTree = "<group>"; };
		74EDA4A8192D7EC900C2565C /* smiley-undecided.gif */ = {isa = PBXFileReference; lastKnownFileType = image.gif; path = "smiley-undecided.gif"; sourceTree = "<group>"; };
		74EDA4A9192D7EC900C2565C /* smiley-wink.gif */ = {isa = PBXFileReference; lastKnownFileType = image.gif; path = "smiley-wink.gif"; sourceTree = "<group>"; };
		74EDA4AA192D7EC900C2565C /* smiley-yell.gif */ = {isa = PBXFileReference; lastKnownFileType = image.gif; path = "smiley-yell.gif"; sourceTree = "<group>"; };
		74EDA4AB192D7EC900C2565C /* plugin.min.js */ = {isa = PBXFileReference; fileEncoding = 4; lastKnownFileType = sourcecode.javascript; path = plugin.min.js; sourceTree = "<group>"; };
		74EDA4AD192D7EC900C2565C /* dialog.html */ = {isa = PBXFileReference; fileEncoding = 4; lastKnownFileType = text.html; path = dialog.html; sourceTree = "<group>"; };
		74EDA4AE192D7EC900C2565C /* plugin.min.js */ = {isa = PBXFileReference; fileEncoding = 4; lastKnownFileType = sourcecode.javascript; path = plugin.min.js; sourceTree = "<group>"; };
		74EDA4B0192D7EC900C2565C /* plugin.min.js */ = {isa = PBXFileReference; fileEncoding = 4; lastKnownFileType = sourcecode.javascript; path = plugin.min.js; sourceTree = "<group>"; };
		74EDA4B2192D7EC900C2565C /* plugin.min.js */ = {isa = PBXFileReference; fileEncoding = 4; lastKnownFileType = sourcecode.javascript; path = plugin.min.js; sourceTree = "<group>"; };
		74EDA4B4192D7EC900C2565C /* plugin.min.js */ = {isa = PBXFileReference; fileEncoding = 4; lastKnownFileType = sourcecode.javascript; path = plugin.min.js; sourceTree = "<group>"; };
		74EDA4B6192D7EC900C2565C /* plugin.min.js */ = {isa = PBXFileReference; fileEncoding = 4; lastKnownFileType = sourcecode.javascript; path = plugin.min.js; sourceTree = "<group>"; };
		74EDA4B8192D7EC900C2565C /* plugin.min.js */ = {isa = PBXFileReference; fileEncoding = 4; lastKnownFileType = sourcecode.javascript; path = plugin.min.js; sourceTree = "<group>"; };
		74EDA4BA192D7EC900C2565C /* plugin.min.js */ = {isa = PBXFileReference; fileEncoding = 4; lastKnownFileType = sourcecode.javascript; path = plugin.min.js; sourceTree = "<group>"; };
		74EDA4BC192D7EC900C2565C /* plugin.min.js */ = {isa = PBXFileReference; fileEncoding = 4; lastKnownFileType = sourcecode.javascript; path = plugin.min.js; sourceTree = "<group>"; };
		74EDA4BE192D7EC900C2565C /* plugin.min.js */ = {isa = PBXFileReference; fileEncoding = 4; lastKnownFileType = sourcecode.javascript; path = plugin.min.js; sourceTree = "<group>"; };
		74EDA4C0192D7EC900C2565C /* plugin.min.js */ = {isa = PBXFileReference; fileEncoding = 4; lastKnownFileType = sourcecode.javascript; path = plugin.min.js; sourceTree = "<group>"; };
		74EDA4C2192D7EC900C2565C /* plugin.min.js */ = {isa = PBXFileReference; fileEncoding = 4; lastKnownFileType = sourcecode.javascript; path = plugin.min.js; sourceTree = "<group>"; };
		74EDA4C4192D7EC900C2565C /* plugin.min.js */ = {isa = PBXFileReference; fileEncoding = 4; lastKnownFileType = sourcecode.javascript; path = plugin.min.js; sourceTree = "<group>"; };
		74EDA4C6192D7EC900C2565C /* moxieplayer.swf */ = {isa = PBXFileReference; lastKnownFileType = file; path = moxieplayer.swf; sourceTree = "<group>"; };
		74EDA4C7192D7EC900C2565C /* plugin.min.js */ = {isa = PBXFileReference; fileEncoding = 4; lastKnownFileType = sourcecode.javascript; path = plugin.min.js; sourceTree = "<group>"; };
		74EDA4C9192D7EC900C2565C /* plugin.min.js */ = {isa = PBXFileReference; fileEncoding = 4; lastKnownFileType = sourcecode.javascript; path = plugin.min.js; sourceTree = "<group>"; };
		74EDA4CB192D7EC900C2565C /* plugin.min.js */ = {isa = PBXFileReference; fileEncoding = 4; lastKnownFileType = sourcecode.javascript; path = plugin.min.js; sourceTree = "<group>"; };
		74EDA4CD192D7EC900C2565C /* plugin.min.js */ = {isa = PBXFileReference; fileEncoding = 4; lastKnownFileType = sourcecode.javascript; path = plugin.min.js; sourceTree = "<group>"; };
		74EDA4CF192D7EC900C2565C /* plugin.min.js */ = {isa = PBXFileReference; fileEncoding = 4; lastKnownFileType = sourcecode.javascript; path = plugin.min.js; sourceTree = "<group>"; };
		74EDA4D1192D7EC900C2565C /* plugin.min.js */ = {isa = PBXFileReference; fileEncoding = 4; lastKnownFileType = sourcecode.javascript; path = plugin.min.js; sourceTree = "<group>"; };
		74EDA4D3192D7EC900C2565C /* plugin.min.js */ = {isa = PBXFileReference; fileEncoding = 4; lastKnownFileType = sourcecode.javascript; path = plugin.min.js; sourceTree = "<group>"; };
		74EDA4D5192D7EC900C2565C /* plugin.min.js */ = {isa = PBXFileReference; fileEncoding = 4; lastKnownFileType = sourcecode.javascript; path = plugin.min.js; sourceTree = "<group>"; };
		74EDA4D7192D7EC900C2565C /* plugin.min.js */ = {isa = PBXFileReference; fileEncoding = 4; lastKnownFileType = sourcecode.javascript; path = plugin.min.js; sourceTree = "<group>"; };
		74EDA4D9192D7EC900C2565C /* plugin.min.js */ = {isa = PBXFileReference; fileEncoding = 4; lastKnownFileType = sourcecode.javascript; path = plugin.min.js; sourceTree = "<group>"; };
		74EDA4DB192D7EC900C2565C /* plugin.min.js */ = {isa = PBXFileReference; fileEncoding = 4; lastKnownFileType = sourcecode.javascript; path = plugin.min.js; sourceTree = "<group>"; };
		74EDA4DD192D7EC900C2565C /* plugin.min.js */ = {isa = PBXFileReference; fileEncoding = 4; lastKnownFileType = sourcecode.javascript; path = plugin.min.js; sourceTree = "<group>"; };
		74EDA4DF192D7EC900C2565C /* plugin.min.js */ = {isa = PBXFileReference; fileEncoding = 4; lastKnownFileType = sourcecode.javascript; path = plugin.min.js; sourceTree = "<group>"; };
		74EDA4E1192D7EC900C2565C /* plugin.min.js */ = {isa = PBXFileReference; fileEncoding = 4; lastKnownFileType = sourcecode.javascript; path = plugin.min.js; sourceTree = "<group>"; };
		74EDA4E4192D7EC900C2565C /* visualblocks.css */ = {isa = PBXFileReference; fileEncoding = 4; lastKnownFileType = text.css; path = visualblocks.css; sourceTree = "<group>"; };
		74EDA4E5192D7EC900C2565C /* plugin.min.js */ = {isa = PBXFileReference; fileEncoding = 4; lastKnownFileType = sourcecode.javascript; path = plugin.min.js; sourceTree = "<group>"; };
		74EDA4E7192D7EC900C2565C /* plugin.min.js */ = {isa = PBXFileReference; fileEncoding = 4; lastKnownFileType = sourcecode.javascript; path = plugin.min.js; sourceTree = "<group>"; };
		74EDA4E9192D7EC900C2565C /* plugin.min.js */ = {isa = PBXFileReference; fileEncoding = 4; lastKnownFileType = sourcecode.javascript; path = plugin.min.js; sourceTree = "<group>"; };
		74EDA4EC192D7EC900C2565C /* content.inline.min.css */ = {isa = PBXFileReference; fileEncoding = 4; lastKnownFileType = text.css; path = content.inline.min.css; sourceTree = "<group>"; };
		74EDA4ED192D7EC900C2565C /* content.min.css */ = {isa = PBXFileReference; fileEncoding = 4; lastKnownFileType = text.css; path = content.min.css; sourceTree = "<group>"; };
		74EDA4EF192D7EC900C2565C /* readme.md */ = {isa = PBXFileReference; fileEncoding = 4; lastKnownFileType = text; path = readme.md; sourceTree = "<group>"; };
		74EDA4F0192D7EC900C2565C /* tinymce-small.dev.svg */ = {isa = PBXFileReference; fileEncoding = 4; lastKnownFileType = text.xml; path = "tinymce-small.dev.svg"; sourceTree = "<group>"; };
		74EDA4F1192D7EC900C2565C /* tinymce-small.eot */ = {isa = PBXFileReference; lastKnownFileType = file; path = "tinymce-small.eot"; sourceTree = "<group>"; };
		74EDA4F2192D7EC900C2565C /* tinymce-small.svg */ = {isa = PBXFileReference; fileEncoding = 4; lastKnownFileType = text.xml; path = "tinymce-small.svg"; sourceTree = "<group>"; };
		74EDA4F3192D7EC900C2565C /* tinymce-small.ttf */ = {isa = PBXFileReference; lastKnownFileType = file; path = "tinymce-small.ttf"; sourceTree = "<group>"; };
		74EDA4F4192D7EC900C2565C /* tinymce-small.woff */ = {isa = PBXFileReference; lastKnownFileType = file; path = "tinymce-small.woff"; sourceTree = "<group>"; };
		74EDA4F5192D7EC900C2565C /* tinymce.dev.svg */ = {isa = PBXFileReference; fileEncoding = 4; lastKnownFileType = text.xml; path = tinymce.dev.svg; sourceTree = "<group>"; };
		74EDA4F6192D7EC900C2565C /* tinymce.eot */ = {isa = PBXFileReference; lastKnownFileType = file; path = tinymce.eot; sourceTree = "<group>"; };
		74EDA4F7192D7EC900C2565C /* tinymce.svg */ = {isa = PBXFileReference; fileEncoding = 4; lastKnownFileType = text.xml; path = tinymce.svg; sourceTree = "<group>"; };
		74EDA4F8192D7EC900C2565C /* tinymce.ttf */ = {isa = PBXFileReference; lastKnownFileType = file; path = tinymce.ttf; sourceTree = "<group>"; };
		74EDA4F9192D7EC900C2565C /* tinymce.woff */ = {isa = PBXFileReference; lastKnownFileType = file; path = tinymce.woff; sourceTree = "<group>"; };
		74EDA4FB192D7EC900C2565C /* anchor.gif */ = {isa = PBXFileReference; lastKnownFileType = image.gif; path = anchor.gif; sourceTree = "<group>"; };
		74EDA4FC192D7EC900C2565C /* loader.gif */ = {isa = PBXFileReference; lastKnownFileType = image.gif; path = loader.gif; sourceTree = "<group>"; };
		74EDA4FD192D7EC900C2565C /* object.gif */ = {isa = PBXFileReference; lastKnownFileType = image.gif; path = object.gif; sourceTree = "<group>"; };
		74EDA4FE192D7EC900C2565C /* trans.gif */ = {isa = PBXFileReference; lastKnownFileType = image.gif; path = trans.gif; sourceTree = "<group>"; };
		74EDA4FF192D7EC900C2565C /* skin.ie7.min.css */ = {isa = PBXFileReference; fileEncoding = 4; lastKnownFileType = text.css; path = skin.ie7.min.css; sourceTree = "<group>"; };
		74EDA500192D7EC900C2565C /* skin.min.css */ = {isa = PBXFileReference; fileEncoding = 4; lastKnownFileType = text.css; path = skin.min.css; sourceTree = "<group>"; };
		74EDA503192D7EC900C2565C /* theme.min.js */ = {isa = PBXFileReference; fileEncoding = 4; lastKnownFileType = sourcecode.javascript; path = theme.min.js; sourceTree = "<group>"; };
		74EDA504192D7EC900C2565C /* tinymce.min.js */ = {isa = PBXFileReference; fileEncoding = 4; lastKnownFileType = sourcecode.javascript; path = tinymce.min.js; sourceTree = "<group>"; };
/* End PBXFileReference section */

/* Begin PBXFrameworksBuildPhase section */
		746B2A0A1925699B0026C671 /* Frameworks */ = {
			isa = PBXFrameworksBuildPhase;
			buildActionMask = 2147483647;
			files = (
				746B2A131925699C0026C671 /* CoreGraphics.framework in Frameworks */,
				746B2A151925699C0026C671 /* UIKit.framework in Frameworks */,
				746B2A111925699C0026C671 /* Foundation.framework in Frameworks */,
			);
			runOnlyForDeploymentPostprocessing = 0;
		};
		746B2A2E1925699C0026C671 /* Frameworks */ = {
			isa = PBXFrameworksBuildPhase;
			buildActionMask = 2147483647;
			files = (
				746B2A331925699C0026C671 /* XCTest.framework in Frameworks */,
				746B2A351925699C0026C671 /* UIKit.framework in Frameworks */,
				746B2A341925699C0026C671 /* Foundation.framework in Frameworks */,
			);
			runOnlyForDeploymentPostprocessing = 0;
		};
/* End PBXFrameworksBuildPhase section */

/* Begin PBXGroup section */
		7401C3D1192D2AB200A8FF5F /* TinyMCE */ = {
			isa = PBXGroup;
			children = (
				74D46F8A192D49F20033552E /* HTML */,
				7401C3CE192D2AA800A8FF5F /* WPQTinyMCEViewController.h */,
				7401C3CF192D2AA800A8FF5F /* WPQTinyMCEViewController.m */,
			);
			name = TinyMCE;
			sourceTree = "<group>";
		};
		746B2A041925699B0026C671 = {
			isa = PBXGroup;
			children = (
				746B2A161925699C0026C671 /* EditorTest */,
				746B2A381925699C0026C671 /* EditorTestTests */,
				746B2A0F1925699C0026C671 /* Frameworks */,
				746B2A0E1925699C0026C671 /* Products */,
			);
			sourceTree = "<group>";
		};
		746B2A0E1925699C0026C671 /* Products */ = {
			isa = PBXGroup;
			children = (
				746B2A0D1925699C0026C671 /* EditorTest.app */,
				746B2A311925699C0026C671 /* EditorTestTests.xctest */,
			);
			name = Products;
			sourceTree = "<group>";
		};
		746B2A0F1925699C0026C671 /* Frameworks */ = {
			isa = PBXGroup;
			children = (
				746B2A101925699C0026C671 /* Foundation.framework */,
				746B2A121925699C0026C671 /* CoreGraphics.framework */,
				746B2A141925699C0026C671 /* UIKit.framework */,
				746B2A321925699C0026C671 /* XCTest.framework */,
			);
			name = Frameworks;
			sourceTree = "<group>";
		};
		746B2A161925699C0026C671 /* EditorTest */ = {
			isa = PBXGroup;
			children = (
				746B2A1F1925699C0026C671 /* WPQAppDelegate.h */,
				746B2A201925699C0026C671 /* WPQAppDelegate.m */,
				74834B51192BA3420084A1F1 /* Content */,
				7401C3D1192D2AB200A8FF5F /* TinyMCE */,
				74834B52192BA4570084A1F1 /* Quill */,
				74834B59192BA7370084A1F1 /* Categories */,
				746B2A281925699C0026C671 /* WPQViewController.h */,
				746B2A291925699C0026C671 /* WPQViewController.m */,
				74D46F5B192D40D20033552E /* WPQUtilities.h */,
				74D46F5C192D40D20033552E /* WPQUtilities.m */,
				741367201926A55100AD07DD /* WPKeyboardToolbarBase.h */,
				741367211926A55100AD07DD /* WPKeyboardToolbarBase.m */,
				741367221926A55100AD07DD /* WPKeyboardToolbarButtonItem.h */,
				741367231926A55100AD07DD /* WPKeyboardToolbarButtonItem.m */,
				741367281926A92900AD07DD /* WPStyleGuide.h */,
				741367291926A92900AD07DD /* WPStyleGuide.m */,
				74834B5A192BDE8C0084A1F1 /* MMStopwatchARC.h */,
				74834B5B192BDE8C0084A1F1 /* MMStopwatchARC.m */,
				746B2A221925699C0026C671 /* Main_iPhone.storyboard */,
				746B2A251925699C0026C671 /* Main_iPad.storyboard */,
				746B2A2B1925699C0026C671 /* Images.xcassets */,
				746B2A171925699C0026C671 /* Supporting Files */,
			);
			path = EditorTest;
			sourceTree = "<group>";
		};
		746B2A171925699C0026C671 /* Supporting Files */ = {
			isa = PBXGroup;
			children = (
				746B2A181925699C0026C671 /* EditorTest-Info.plist */,
				746B2A191925699C0026C671 /* InfoPlist.strings */,
				746B2A1C1925699C0026C671 /* main.m */,
				746B2A1E1925699C0026C671 /* EditorTest-Prefix.pch */,
			);
			name = "Supporting Files";
			sourceTree = "<group>";
		};
		746B2A381925699C0026C671 /* EditorTestTests */ = {
			isa = PBXGroup;
			children = (
				746B2A3E1925699C0026C671 /* EditorTestTests.m */,
				746B2A391925699C0026C671 /* Supporting Files */,
			);
			path = EditorTestTests;
			sourceTree = "<group>";
		};
		746B2A391925699C0026C671 /* Supporting Files */ = {
			isa = PBXGroup;
			children = (
				746B2A3A1925699C0026C671 /* EditorTestTests-Info.plist */,
				746B2A3B1925699C0026C671 /* InfoPlist.strings */,
			);
			name = "Supporting Files";
			sourceTree = "<group>";
		};
		746B2A5019256A510026C671 /* HTML */ = {
			isa = PBXGroup;
			children = (
				746B2A4C19256A0D0026C671 /* quill_native_index.html */,
				746B2A4E19256A4C0026C671 /* style.css */,
				746B2A4819256A010026C671 /* quill.js */,
				746B2A4919256A010026C671 /* quill.min.js */,
			);
			name = HTML;
			sourceTree = "<group>";
		};
		74834B51192BA3420084A1F1 /* Content */ = {
			isa = PBXGroup;
			children = (
				74103D74192A916C009E04F4 /* content.html */,
				74834B4D192B9FF20084A1F1 /* content_long.html */,
				74834B4E192B9FF20084A1F1 /* content_short.html */,
			);
			name = Content;
			sourceTree = "<group>";
		};
		74834B52192BA4570084A1F1 /* Quill */ = {
			isa = PBXGroup;
			children = (
				746B2A5019256A510026C671 /* HTML */,
				74A918F8192AB090006F60AB /* WPQNativeQuillViewController.h */,
				74A918F9192AB090006F60AB /* WPQNativeQuillViewController.m */,
			);
			name = Quill;
			sourceTree = "<group>";
		};
		74834B59192BA7370084A1F1 /* Categories */ = {
			isa = PBXGroup;
			children = (
				74834B53192BA6590084A1F1 /* NSString+HTML.h */,
				74834B54192BA6590084A1F1 /* NSString+HTML.m */,
				74834B56192BA6E50084A1F1 /* GTMNSString+HTML.h */,
				74834B57192BA6FE0084A1F1 /* GTMNSString+HTML.m */,
			);
			name = Categories;
			sourceTree = "<group>";
		};
		74D46F8A192D49F20033552E /* HTML */ = {
			isa = PBXGroup;
			children = (
				74EDA480192D7EC900C2565C /* tinymce */,
				74D46F74192D49EA0033552E /* tinymce_native_index.html */,
				7440DF42192D4FA400855CA8 /* tinymce_style.css */,
			);
			name = HTML;
			sourceTree = "<group>";
		};
		74EDA480192D7EC900C2565C /* tinymce */ = {
			isa = PBXGroup;
			children = (
				74EDA481192D7EC900C2565C /* langs */,
				74EDA483192D7EC900C2565C /* license.txt */,
				74EDA484192D7EC900C2565C /* plugins */,
				74EDA4EA192D7EC900C2565C /* skins */,
				74EDA501192D7EC900C2565C /* themes */,
				74EDA504192D7EC900C2565C /* tinymce.min.js */,
			);
			path = tinymce;
			sourceTree = "<group>";
		};
		74EDA481192D7EC900C2565C /* langs */ = {
			isa = PBXGroup;
			children = (
				74EDA482192D7EC900C2565C /* readme.md */,
			);
			path = langs;
			sourceTree = "<group>";
		};
		74EDA484192D7EC900C2565C /* plugins */ = {
			isa = PBXGroup;
			children = (
				74EDA485192D7EC900C2565C /* advlist */,
				74EDA487192D7EC900C2565C /* anchor */,
				74EDA489192D7EC900C2565C /* autolink */,
				74EDA48B192D7EC900C2565C /* autoresize */,
				74EDA48D192D7EC900C2565C /* autosave */,
				74EDA48F192D7EC900C2565C /* bbcode */,
				74EDA491192D7EC900C2565C /* charmap */,
				74EDA493192D7EC900C2565C /* code */,
				74EDA495192D7EC900C2565C /* contextmenu */,
				74EDA497192D7EC900C2565C /* directionality */,
				74EDA499192D7EC900C2565C /* emoticons */,
				74EDA4AC192D7EC900C2565C /* example */,
				74EDA4AF192D7EC900C2565C /* example_dependency */,
				74EDA4B1192D7EC900C2565C /* fullpage */,
				74EDA4B3192D7EC900C2565C /* fullscreen */,
				74EDA4B5192D7EC900C2565C /* hr */,
				74EDA4B7192D7EC900C2565C /* image */,
				74EDA4B9192D7EC900C2565C /* importcss */,
				74EDA4BB192D7EC900C2565C /* insertdatetime */,
				74EDA4BD192D7EC900C2565C /* layer */,
				74EDA4BF192D7EC900C2565C /* legacyoutput */,
				74EDA4C1192D7EC900C2565C /* link */,
				74EDA4C3192D7EC900C2565C /* lists */,
				74EDA4C5192D7EC900C2565C /* media */,
				74EDA4C8192D7EC900C2565C /* nonbreaking */,
				74EDA4CA192D7EC900C2565C /* noneditable */,
				74EDA4CC192D7EC900C2565C /* pagebreak */,
				74EDA4CE192D7EC900C2565C /* paste */,
				74EDA4D0192D7EC900C2565C /* preview */,
				74EDA4D2192D7EC900C2565C /* print */,
				74EDA4D4192D7EC900C2565C /* save */,
				74EDA4D6192D7EC900C2565C /* searchreplace */,
				74EDA4D8192D7EC900C2565C /* spellchecker */,
				74EDA4DA192D7EC900C2565C /* tabfocus */,
				74EDA4DC192D7EC900C2565C /* table */,
				74EDA4DE192D7EC900C2565C /* template */,
				74EDA4E0192D7EC900C2565C /* textcolor */,
				74EDA4E2192D7EC900C2565C /* visualblocks */,
				74EDA4E6192D7EC900C2565C /* visualchars */,
				74EDA4E8192D7EC900C2565C /* wordcount */,
			);
			path = plugins;
			sourceTree = "<group>";
		};
		74EDA485192D7EC900C2565C /* advlist */ = {
			isa = PBXGroup;
			children = (
				74EDA486192D7EC900C2565C /* plugin.min.js */,
			);
			path = advlist;
			sourceTree = "<group>";
		};
		74EDA487192D7EC900C2565C /* anchor */ = {
			isa = PBXGroup;
			children = (
				74EDA488192D7EC900C2565C /* plugin.min.js */,
			);
			path = anchor;
			sourceTree = "<group>";
		};
		74EDA489192D7EC900C2565C /* autolink */ = {
			isa = PBXGroup;
			children = (
				74EDA48A192D7EC900C2565C /* plugin.min.js */,
			);
			path = autolink;
			sourceTree = "<group>";
		};
		74EDA48B192D7EC900C2565C /* autoresize */ = {
			isa = PBXGroup;
			children = (
				74EDA48C192D7EC900C2565C /* plugin.min.js */,
			);
			path = autoresize;
			sourceTree = "<group>";
		};
		74EDA48D192D7EC900C2565C /* autosave */ = {
			isa = PBXGroup;
			children = (
				74EDA48E192D7EC900C2565C /* plugin.min.js */,
			);
			path = autosave;
			sourceTree = "<group>";
		};
		74EDA48F192D7EC900C2565C /* bbcode */ = {
			isa = PBXGroup;
			children = (
				74EDA490192D7EC900C2565C /* plugin.min.js */,
			);
			path = bbcode;
			sourceTree = "<group>";
		};
		74EDA491192D7EC900C2565C /* charmap */ = {
			isa = PBXGroup;
			children = (
				74EDA492192D7EC900C2565C /* plugin.min.js */,
			);
			path = charmap;
			sourceTree = "<group>";
		};
		74EDA493192D7EC900C2565C /* code */ = {
			isa = PBXGroup;
			children = (
				74EDA494192D7EC900C2565C /* plugin.min.js */,
			);
			path = code;
			sourceTree = "<group>";
		};
		74EDA495192D7EC900C2565C /* contextmenu */ = {
			isa = PBXGroup;
			children = (
				74EDA496192D7EC900C2565C /* plugin.min.js */,
			);
			path = contextmenu;
			sourceTree = "<group>";
		};
		74EDA497192D7EC900C2565C /* directionality */ = {
			isa = PBXGroup;
			children = (
				74EDA498192D7EC900C2565C /* plugin.min.js */,
			);
			path = directionality;
			sourceTree = "<group>";
		};
		74EDA499192D7EC900C2565C /* emoticons */ = {
			isa = PBXGroup;
			children = (
				74EDA49A192D7EC900C2565C /* img */,
				74EDA4AB192D7EC900C2565C /* plugin.min.js */,
			);
			path = emoticons;
			sourceTree = "<group>";
		};
		74EDA49A192D7EC900C2565C /* img */ = {
			isa = PBXGroup;
			children = (
				74EDA49B192D7EC900C2565C /* smiley-cool.gif */,
				74EDA49C192D7EC900C2565C /* smiley-cry.gif */,
				74EDA49D192D7EC900C2565C /* smiley-embarassed.gif */,
				74EDA49E192D7EC900C2565C /* smiley-foot-in-mouth.gif */,
				74EDA49F192D7EC900C2565C /* smiley-frown.gif */,
				74EDA4A0192D7EC900C2565C /* smiley-innocent.gif */,
				74EDA4A1192D7EC900C2565C /* smiley-kiss.gif */,
				74EDA4A2192D7EC900C2565C /* smiley-laughing.gif */,
				74EDA4A3192D7EC900C2565C /* smiley-money-mouth.gif */,
				74EDA4A4192D7EC900C2565C /* smiley-sealed.gif */,
				74EDA4A5192D7EC900C2565C /* smiley-smile.gif */,
				74EDA4A6192D7EC900C2565C /* smiley-surprised.gif */,
				74EDA4A7192D7EC900C2565C /* smiley-tongue-out.gif */,
				74EDA4A8192D7EC900C2565C /* smiley-undecided.gif */,
				74EDA4A9192D7EC900C2565C /* smiley-wink.gif */,
				74EDA4AA192D7EC900C2565C /* smiley-yell.gif */,
			);
			path = img;
			sourceTree = "<group>";
		};
		74EDA4AC192D7EC900C2565C /* example */ = {
			isa = PBXGroup;
			children = (
				74EDA4AD192D7EC900C2565C /* dialog.html */,
				74EDA4AE192D7EC900C2565C /* plugin.min.js */,
			);
			path = example;
			sourceTree = "<group>";
		};
		74EDA4AF192D7EC900C2565C /* example_dependency */ = {
			isa = PBXGroup;
			children = (
				74EDA4B0192D7EC900C2565C /* plugin.min.js */,
			);
			path = example_dependency;
			sourceTree = "<group>";
		};
		74EDA4B1192D7EC900C2565C /* fullpage */ = {
			isa = PBXGroup;
			children = (
				74EDA4B2192D7EC900C2565C /* plugin.min.js */,
			);
			path = fullpage;
			sourceTree = "<group>";
		};
		74EDA4B3192D7EC900C2565C /* fullscreen */ = {
			isa = PBXGroup;
			children = (
				74EDA4B4192D7EC900C2565C /* plugin.min.js */,
			);
			path = fullscreen;
			sourceTree = "<group>";
		};
		74EDA4B5192D7EC900C2565C /* hr */ = {
			isa = PBXGroup;
			children = (
				74EDA4B6192D7EC900C2565C /* plugin.min.js */,
			);
			path = hr;
			sourceTree = "<group>";
		};
		74EDA4B7192D7EC900C2565C /* image */ = {
			isa = PBXGroup;
			children = (
				74EDA4B8192D7EC900C2565C /* plugin.min.js */,
			);
			path = image;
			sourceTree = "<group>";
		};
		74EDA4B9192D7EC900C2565C /* importcss */ = {
			isa = PBXGroup;
			children = (
				74EDA4BA192D7EC900C2565C /* plugin.min.js */,
			);
			path = importcss;
			sourceTree = "<group>";
		};
		74EDA4BB192D7EC900C2565C /* insertdatetime */ = {
			isa = PBXGroup;
			children = (
				74EDA4BC192D7EC900C2565C /* plugin.min.js */,
			);
			path = insertdatetime;
			sourceTree = "<group>";
		};
		74EDA4BD192D7EC900C2565C /* layer */ = {
			isa = PBXGroup;
			children = (
				74EDA4BE192D7EC900C2565C /* plugin.min.js */,
			);
			path = layer;
			sourceTree = "<group>";
		};
		74EDA4BF192D7EC900C2565C /* legacyoutput */ = {
			isa = PBXGroup;
			children = (
				74EDA4C0192D7EC900C2565C /* plugin.min.js */,
			);
			path = legacyoutput;
			sourceTree = "<group>";
		};
		74EDA4C1192D7EC900C2565C /* link */ = {
			isa = PBXGroup;
			children = (
				74EDA4C2192D7EC900C2565C /* plugin.min.js */,
			);
			path = link;
			sourceTree = "<group>";
		};
		74EDA4C3192D7EC900C2565C /* lists */ = {
			isa = PBXGroup;
			children = (
				74EDA4C4192D7EC900C2565C /* plugin.min.js */,
			);
			path = lists;
			sourceTree = "<group>";
		};
		74EDA4C5192D7EC900C2565C /* media */ = {
			isa = PBXGroup;
			children = (
				74EDA4C6192D7EC900C2565C /* moxieplayer.swf */,
				74EDA4C7192D7EC900C2565C /* plugin.min.js */,
			);
			path = media;
			sourceTree = "<group>";
		};
		74EDA4C8192D7EC900C2565C /* nonbreaking */ = {
			isa = PBXGroup;
			children = (
				74EDA4C9192D7EC900C2565C /* plugin.min.js */,
			);
			path = nonbreaking;
			sourceTree = "<group>";
		};
		74EDA4CA192D7EC900C2565C /* noneditable */ = {
			isa = PBXGroup;
			children = (
				74EDA4CB192D7EC900C2565C /* plugin.min.js */,
			);
			path = noneditable;
			sourceTree = "<group>";
		};
		74EDA4CC192D7EC900C2565C /* pagebreak */ = {
			isa = PBXGroup;
			children = (
				74EDA4CD192D7EC900C2565C /* plugin.min.js */,
			);
			path = pagebreak;
			sourceTree = "<group>";
		};
		74EDA4CE192D7EC900C2565C /* paste */ = {
			isa = PBXGroup;
			children = (
				74EDA4CF192D7EC900C2565C /* plugin.min.js */,
			);
			path = paste;
			sourceTree = "<group>";
		};
		74EDA4D0192D7EC900C2565C /* preview */ = {
			isa = PBXGroup;
			children = (
				74EDA4D1192D7EC900C2565C /* plugin.min.js */,
			);
			path = preview;
			sourceTree = "<group>";
		};
		74EDA4D2192D7EC900C2565C /* print */ = {
			isa = PBXGroup;
			children = (
				74EDA4D3192D7EC900C2565C /* plugin.min.js */,
			);
			path = print;
			sourceTree = "<group>";
		};
		74EDA4D4192D7EC900C2565C /* save */ = {
			isa = PBXGroup;
			children = (
				74EDA4D5192D7EC900C2565C /* plugin.min.js */,
			);
			path = save;
			sourceTree = "<group>";
		};
		74EDA4D6192D7EC900C2565C /* searchreplace */ = {
			isa = PBXGroup;
			children = (
				74EDA4D7192D7EC900C2565C /* plugin.min.js */,
			);
			path = searchreplace;
			sourceTree = "<group>";
		};
		74EDA4D8192D7EC900C2565C /* spellchecker */ = {
			isa = PBXGroup;
			children = (
				74EDA4D9192D7EC900C2565C /* plugin.min.js */,
			);
			path = spellchecker;
			sourceTree = "<group>";
		};
		74EDA4DA192D7EC900C2565C /* tabfocus */ = {
			isa = PBXGroup;
			children = (
				74EDA4DB192D7EC900C2565C /* plugin.min.js */,
			);
			path = tabfocus;
			sourceTree = "<group>";
		};
		74EDA4DC192D7EC900C2565C /* table */ = {
			isa = PBXGroup;
			children = (
				74EDA4DD192D7EC900C2565C /* plugin.min.js */,
			);
			path = table;
			sourceTree = "<group>";
		};
		74EDA4DE192D7EC900C2565C /* template */ = {
			isa = PBXGroup;
			children = (
				74EDA4DF192D7EC900C2565C /* plugin.min.js */,
			);
			path = template;
			sourceTree = "<group>";
		};
		74EDA4E0192D7EC900C2565C /* textcolor */ = {
			isa = PBXGroup;
			children = (
				74EDA4E1192D7EC900C2565C /* plugin.min.js */,
			);
			path = textcolor;
			sourceTree = "<group>";
		};
		74EDA4E2192D7EC900C2565C /* visualblocks */ = {
			isa = PBXGroup;
			children = (
				74EDA4E3192D7EC900C2565C /* css */,
				74EDA4E5192D7EC900C2565C /* plugin.min.js */,
			);
			path = visualblocks;
			sourceTree = "<group>";
		};
		74EDA4E3192D7EC900C2565C /* css */ = {
			isa = PBXGroup;
			children = (
				74EDA4E4192D7EC900C2565C /* visualblocks.css */,
			);
			path = css;
			sourceTree = "<group>";
		};
		74EDA4E6192D7EC900C2565C /* visualchars */ = {
			isa = PBXGroup;
			children = (
				74EDA4E7192D7EC900C2565C /* plugin.min.js */,
			);
			path = visualchars;
			sourceTree = "<group>";
		};
		74EDA4E8192D7EC900C2565C /* wordcount */ = {
			isa = PBXGroup;
			children = (
				74EDA4E9192D7EC900C2565C /* plugin.min.js */,
			);
			path = wordcount;
			sourceTree = "<group>";
		};
		74EDA4EA192D7EC900C2565C /* skins */ = {
			isa = PBXGroup;
			children = (
				74EDA4EB192D7EC900C2565C /* lightgray */,
			);
			path = skins;
			sourceTree = "<group>";
		};
		74EDA4EB192D7EC900C2565C /* lightgray */ = {
			isa = PBXGroup;
			children = (
				74EDA4EC192D7EC900C2565C /* content.inline.min.css */,
				74EDA4ED192D7EC900C2565C /* content.min.css */,
				74EDA4EE192D7EC900C2565C /* fonts */,
				74EDA4FA192D7EC900C2565C /* img */,
				74EDA4FF192D7EC900C2565C /* skin.ie7.min.css */,
				74EDA500192D7EC900C2565C /* skin.min.css */,
			);
			path = lightgray;
			sourceTree = "<group>";
		};
		74EDA4EE192D7EC900C2565C /* fonts */ = {
			isa = PBXGroup;
			children = (
				74EDA4EF192D7EC900C2565C /* readme.md */,
				74EDA4F0192D7EC900C2565C /* tinymce-small.dev.svg */,
				74EDA4F1192D7EC900C2565C /* tinymce-small.eot */,
				74EDA4F2192D7EC900C2565C /* tinymce-small.svg */,
				74EDA4F3192D7EC900C2565C /* tinymce-small.ttf */,
				74EDA4F4192D7EC900C2565C /* tinymce-small.woff */,
				74EDA4F5192D7EC900C2565C /* tinymce.dev.svg */,
				74EDA4F6192D7EC900C2565C /* tinymce.eot */,
				74EDA4F7192D7EC900C2565C /* tinymce.svg */,
				74EDA4F8192D7EC900C2565C /* tinymce.ttf */,
				74EDA4F9192D7EC900C2565C /* tinymce.woff */,
			);
			path = fonts;
			sourceTree = "<group>";
		};
		74EDA4FA192D7EC900C2565C /* img */ = {
			isa = PBXGroup;
			children = (
				74EDA4FB192D7EC900C2565C /* anchor.gif */,
				74EDA4FC192D7EC900C2565C /* loader.gif */,
				74EDA4FD192D7EC900C2565C /* object.gif */,
				74EDA4FE192D7EC900C2565C /* trans.gif */,
			);
			path = img;
			sourceTree = "<group>";
		};
		74EDA501192D7EC900C2565C /* themes */ = {
			isa = PBXGroup;
			children = (
				74EDA502192D7EC900C2565C /* modern */,
			);
			path = themes;
			sourceTree = "<group>";
		};
		74EDA502192D7EC900C2565C /* modern */ = {
			isa = PBXGroup;
			children = (
				74EDA503192D7EC900C2565C /* theme.min.js */,
			);
			path = modern;
			sourceTree = "<group>";
		};
/* End PBXGroup section */

/* Begin PBXNativeTarget section */
		746B2A0C1925699B0026C671 /* EditorTest */ = {
			isa = PBXNativeTarget;
			buildConfigurationList = 746B2A421925699C0026C671 /* Build configuration list for PBXNativeTarget "EditorTest" */;
			buildPhases = (
				746B2A091925699B0026C671 /* Sources */,
				746B2A0A1925699B0026C671 /* Frameworks */,
				746B2A0B1925699B0026C671 /* Resources */,
			);
			buildRules = (
			);
			dependencies = (
			);
			name = EditorTest;
			productName = QuillTest;
			productReference = 746B2A0D1925699C0026C671 /* EditorTest.app */;
			productType = "com.apple.product-type.application";
		};
		746B2A301925699C0026C671 /* EditorTestTests */ = {
			isa = PBXNativeTarget;
			buildConfigurationList = 746B2A451925699C0026C671 /* Build configuration list for PBXNativeTarget "EditorTestTests" */;
			buildPhases = (
				746B2A2D1925699C0026C671 /* Sources */,
				746B2A2E1925699C0026C671 /* Frameworks */,
				746B2A2F1925699C0026C671 /* Resources */,
			);
			buildRules = (
			);
			dependencies = (
				746B2A371925699C0026C671 /* PBXTargetDependency */,
			);
			name = EditorTestTests;
			productName = QuillTestTests;
			productReference = 746B2A311925699C0026C671 /* EditorTestTests.xctest */;
			productType = "com.apple.product-type.bundle.unit-test";
		};
/* End PBXNativeTarget section */

/* Begin PBXProject section */
		746B2A051925699B0026C671 /* Project object */ = {
			isa = PBXProject;
			attributes = {
				CLASSPREFIX = WPQ;
				LastUpgradeCheck = 0510;
				ORGANIZATIONNAME = "Automattic, Inc.";
				TargetAttributes = {
					746B2A301925699C0026C671 = {
						TestTargetID = 746B2A0C1925699B0026C671;
					};
				};
			};
			buildConfigurationList = 746B2A081925699B0026C671 /* Build configuration list for PBXProject "EditorTest" */;
			compatibilityVersion = "Xcode 3.2";
			developmentRegion = English;
			hasScannedForEncodings = 0;
			knownRegions = (
				en,
				Base,
			);
			mainGroup = 746B2A041925699B0026C671;
			productRefGroup = 746B2A0E1925699C0026C671 /* Products */;
			projectDirPath = "";
			projectRoot = "";
			targets = (
				746B2A0C1925699B0026C671 /* EditorTest */,
				746B2A301925699C0026C671 /* EditorTestTests */,
			);
		};
/* End PBXProject section */

/* Begin PBXResourcesBuildPhase section */
		746B2A0B1925699B0026C671 /* Resources */ = {
			isa = PBXResourcesBuildPhase;
			buildActionMask = 2147483647;
			files = (
				74EDA580192D7F4100C2565C /* theme.min.js in Resources */,
				74EDA581192D7F4100C2565C /* tinymce.min.js in Resources */,
				74EDA51C192D7EC900C2565C /* smiley-surprised.gif in Resources */,
				74EDA514192D7EC900C2565C /* smiley-foot-in-mouth.gif in Resources */,
				74EDA511192D7EC900C2565C /* smiley-cool.gif in Resources */,
				74EDA51E192D7EC900C2565C /* smiley-undecided.gif in Resources */,
				746B2A4D19256A0D0026C671 /* quill_native_index.html in Resources */,
				74EDA552192D7ECA00C2565C /* trans.gif in Resources */,
				74D46F88192D49EA0033552E /* tinymce_native_index.html in Resources */,
				74EDA519192D7EC900C2565C /* smiley-money-mouth.gif in Resources */,
				74EDA554192D7ECA00C2565C /* skin.min.css in Resources */,
				746B2A4A19256A010026C671 /* quill.js in Resources */,
				74EDA551192D7ECA00C2565C /* object.gif in Resources */,
				74EDA54F192D7ECA00C2565C /* anchor.gif in Resources */,
				74EDA51F192D7EC900C2565C /* smiley-wink.gif in Resources */,
				74EDA553192D7ECA00C2565C /* skin.ie7.min.css in Resources */,
				74EDA548192D7EC900C2565C /* tinymce-small.ttf in Resources */,
				74EDA542192D7EC900C2565C /* content.inline.min.css in Resources */,
				74EDA51B192D7EC900C2565C /* smiley-smile.gif in Resources */,
				74EDA54A192D7ECA00C2565C /* tinymce.dev.svg in Resources */,
				74103D75192A916C009E04F4 /* content.html in Resources */,
				74EDA547192D7EC900C2565C /* tinymce-small.svg in Resources */,
				74EDA550192D7ECA00C2565C /* loader.gif in Resources */,
				74EDA512192D7EC900C2565C /* smiley-cry.gif in Resources */,
				74834B50192B9FF20084A1F1 /* content_short.html in Resources */,
				74EDA506192D7EC900C2565C /* license.txt in Resources */,
				74EDA516192D7EC900C2565C /* smiley-innocent.gif in Resources */,
				74EDA517192D7EC900C2565C /* smiley-kiss.gif in Resources */,
				74EDA549192D7EC900C2565C /* tinymce-small.woff in Resources */,
				746B2A4B19256A010026C671 /* quill.min.js in Resources */,
				746B2A4F19256A4C0026C671 /* style.css in Resources */,
				746B2A271925699C0026C671 /* Main_iPad.storyboard in Resources */,
				74EDA54D192D7ECA00C2565C /* tinymce.ttf in Resources */,
				74834B4F192B9FF20084A1F1 /* content_long.html in Resources */,
				74EDA545192D7EC900C2565C /* tinymce-small.dev.svg in Resources */,
				74EDA543192D7EC900C2565C /* content.min.css in Resources */,
				74EDA546192D7EC900C2565C /* tinymce-small.eot in Resources */,
				74EDA54B192D7ECA00C2565C /* tinymce.eot in Resources */,
				7440DF43192D4FA400855CA8 /* tinymce_style.css in Resources */,
				74EDA53E192D7EC900C2565C /* visualblocks.css in Resources */,
				74EDA544192D7EC900C2565C /* readme.md in Resources */,
				74EDA513192D7EC900C2565C /* smiley-embarassed.gif in Resources */,
				74EDA515192D7EC900C2565C /* smiley-frown.gif in Resources */,
				74EDA520192D7EC900C2565C /* smiley-yell.gif in Resources */,
				74EDA518192D7EC900C2565C /* smiley-laughing.gif in Resources */,
				746B2A2C1925699C0026C671 /* Images.xcassets in Resources */,
				74EDA51D192D7EC900C2565C /* smiley-tongue-out.gif in Resources */,
				74EDA54C192D7ECA00C2565C /* tinymce.svg in Resources */,
				746B2A241925699C0026C671 /* Main_iPhone.storyboard in Resources */,
				746B2A1B1925699C0026C671 /* InfoPlist.strings in Resources */,
				74EDA54E192D7ECA00C2565C /* tinymce.woff in Resources */,
				74EDA522192D7EC900C2565C /* dialog.html in Resources */,
				74EDA51A192D7EC900C2565C /* smiley-sealed.gif in Resources */,
			);
			runOnlyForDeploymentPostprocessing = 0;
		};
		746B2A2F1925699C0026C671 /* Resources */ = {
			isa = PBXResourcesBuildPhase;
			buildActionMask = 2147483647;
			files = (
				746B2A3D1925699C0026C671 /* InfoPlist.strings in Resources */,
			);
			runOnlyForDeploymentPostprocessing = 0;
		};
/* End PBXResourcesBuildPhase section */

/* Begin PBXSourcesBuildPhase section */
		746B2A091925699B0026C671 /* Sources */ = {
			isa = PBXSourcesBuildPhase;
			buildActionMask = 2147483647;
			files = (
				741367241926A55100AD07DD /* WPKeyboardToolbarBase.m in Sources */,
				746B2A1D1925699C0026C671 /* main.m in Sources */,
				7401C3D0192D2AA800A8FF5F /* WPQTinyMCEViewController.m in Sources */,
				74834B5C192BDE8C0084A1F1 /* MMStopwatchARC.m in Sources */,
				74834B58192BA6FE0084A1F1 /* GTMNSString+HTML.m in Sources */,
				74834B55192BA6590084A1F1 /* NSString+HTML.m in Sources */,
				741367261926A55100AD07DD /* WPKeyboardToolbarButtonItem.m in Sources */,
				7413672A1926A92900AD07DD /* WPStyleGuide.m in Sources */,
				74A918FA192AB090006F60AB /* WPQNativeQuillViewController.m in Sources */,
				74D46F5D192D40D20033552E /* WPQUtilities.m in Sources */,
				746B2A2A1925699C0026C671 /* WPQViewController.m in Sources */,
				746B2A211925699C0026C671 /* WPQAppDelegate.m in Sources */,
			);
			runOnlyForDeploymentPostprocessing = 0;
		};
		746B2A2D1925699C0026C671 /* Sources */ = {
			isa = PBXSourcesBuildPhase;
			buildActionMask = 2147483647;
			files = (
				741367251926A55100AD07DD /* WPKeyboardToolbarBase.m in Sources */,
				746B2A3F1925699C0026C671 /* EditorTestTests.m in Sources */,
				741367271926A55100AD07DD /* WPKeyboardToolbarButtonItem.m in Sources */,
				7413672B1926A92900AD07DD /* WPStyleGuide.m in Sources */,
			);
			runOnlyForDeploymentPostprocessing = 0;
		};
/* End PBXSourcesBuildPhase section */

/* Begin PBXTargetDependency section */
		746B2A371925699C0026C671 /* PBXTargetDependency */ = {
			isa = PBXTargetDependency;
			target = 746B2A0C1925699B0026C671 /* EditorTest */;
			targetProxy = 746B2A361925699C0026C671 /* PBXContainerItemProxy */;
		};
/* End PBXTargetDependency section */

/* Begin PBXVariantGroup section */
		746B2A191925699C0026C671 /* InfoPlist.strings */ = {
			isa = PBXVariantGroup;
			children = (
				746B2A1A1925699C0026C671 /* en */,
			);
			name = InfoPlist.strings;
			sourceTree = "<group>";
		};
		746B2A221925699C0026C671 /* Main_iPhone.storyboard */ = {
			isa = PBXVariantGroup;
			children = (
				746B2A231925699C0026C671 /* Base */,
			);
			name = Main_iPhone.storyboard;
			sourceTree = "<group>";
		};
		746B2A251925699C0026C671 /* Main_iPad.storyboard */ = {
			isa = PBXVariantGroup;
			children = (
				746B2A261925699C0026C671 /* Base */,
			);
			name = Main_iPad.storyboard;
			sourceTree = "<group>";
		};
		746B2A3B1925699C0026C671 /* InfoPlist.strings */ = {
			isa = PBXVariantGroup;
			children = (
				746B2A3C1925699C0026C671 /* en */,
			);
			name = InfoPlist.strings;
			sourceTree = "<group>";
		};
/* End PBXVariantGroup section */

/* Begin XCBuildConfiguration section */
		746B2A401925699C0026C671 /* Debug */ = {
			isa = XCBuildConfiguration;
			buildSettings = {
				ALWAYS_SEARCH_USER_PATHS = NO;
				CLANG_CXX_LANGUAGE_STANDARD = "gnu++0x";
				CLANG_CXX_LIBRARY = "libc++";
				CLANG_ENABLE_MODULES = YES;
				CLANG_ENABLE_OBJC_ARC = YES;
				CLANG_WARN_BOOL_CONVERSION = YES;
				CLANG_WARN_CONSTANT_CONVERSION = YES;
				CLANG_WARN_DIRECT_OBJC_ISA_USAGE = YES_ERROR;
				CLANG_WARN_EMPTY_BODY = YES;
				CLANG_WARN_ENUM_CONVERSION = YES;
				CLANG_WARN_INT_CONVERSION = YES;
				CLANG_WARN_OBJC_ROOT_CLASS = YES_ERROR;
				CLANG_WARN__DUPLICATE_METHOD_MATCH = YES;
				"CODE_SIGN_IDENTITY[sdk=iphoneos*]" = "iPhone Developer";
				COPY_PHASE_STRIP = NO;
				GCC_C_LANGUAGE_STANDARD = gnu99;
				GCC_DYNAMIC_NO_PIC = NO;
				GCC_OPTIMIZATION_LEVEL = 0;
				GCC_PREPROCESSOR_DEFINITIONS = (
					"DEBUG=1",
					"$(inherited)",
				);
				GCC_SYMBOLS_PRIVATE_EXTERN = NO;
				GCC_WARN_64_TO_32_BIT_CONVERSION = YES;
				GCC_WARN_ABOUT_RETURN_TYPE = YES_ERROR;
				GCC_WARN_UNDECLARED_SELECTOR = YES;
				GCC_WARN_UNINITIALIZED_AUTOS = YES_AGGRESSIVE;
				GCC_WARN_UNUSED_FUNCTION = YES;
				GCC_WARN_UNUSED_VARIABLE = YES;
				IPHONEOS_DEPLOYMENT_TARGET = 7.1;
				ONLY_ACTIVE_ARCH = YES;
				SDKROOT = iphoneos;
				TARGETED_DEVICE_FAMILY = "1,2";
			};
			name = Debug;
		};
		746B2A411925699C0026C671 /* Release */ = {
			isa = XCBuildConfiguration;
			buildSettings = {
				ALWAYS_SEARCH_USER_PATHS = NO;
				CLANG_CXX_LANGUAGE_STANDARD = "gnu++0x";
				CLANG_CXX_LIBRARY = "libc++";
				CLANG_ENABLE_MODULES = YES;
				CLANG_ENABLE_OBJC_ARC = YES;
				CLANG_WARN_BOOL_CONVERSION = YES;
				CLANG_WARN_CONSTANT_CONVERSION = YES;
				CLANG_WARN_DIRECT_OBJC_ISA_USAGE = YES_ERROR;
				CLANG_WARN_EMPTY_BODY = YES;
				CLANG_WARN_ENUM_CONVERSION = YES;
				CLANG_WARN_INT_CONVERSION = YES;
				CLANG_WARN_OBJC_ROOT_CLASS = YES_ERROR;
				CLANG_WARN__DUPLICATE_METHOD_MATCH = YES;
				"CODE_SIGN_IDENTITY[sdk=iphoneos*]" = "iPhone Developer";
				COPY_PHASE_STRIP = YES;
				ENABLE_NS_ASSERTIONS = NO;
				GCC_C_LANGUAGE_STANDARD = gnu99;
				GCC_WARN_64_TO_32_BIT_CONVERSION = YES;
				GCC_WARN_ABOUT_RETURN_TYPE = YES_ERROR;
				GCC_WARN_UNDECLARED_SELECTOR = YES;
				GCC_WARN_UNINITIALIZED_AUTOS = YES_AGGRESSIVE;
				GCC_WARN_UNUSED_FUNCTION = YES;
				GCC_WARN_UNUSED_VARIABLE = YES;
				IPHONEOS_DEPLOYMENT_TARGET = 7.1;
				SDKROOT = iphoneos;
				TARGETED_DEVICE_FAMILY = "1,2";
				VALIDATE_PRODUCT = YES;
			};
			name = Release;
		};
		746B2A431925699C0026C671 /* Debug */ = {
			isa = XCBuildConfiguration;
			buildSettings = {
				ASSETCATALOG_COMPILER_APPICON_NAME = AppIcon;
				ASSETCATALOG_COMPILER_LAUNCHIMAGE_NAME = LaunchImage;
				FRAMEWORK_SEARCH_PATHS = (
					"$(inherited)",
					"$(SYSTEM_APPS_DIR)/Reveal.app/Contents/SharedSupport/iOS-Libraries",
				);
				GCC_PRECOMPILE_PREFIX_HEADER = YES;
				GCC_PREFIX_HEADER = "EditorTest/EditorTest-Prefix.pch";
				INFOPLIST_FILE = "EditorTest/EditorTest-Info.plist";
				"OTHER_LDFLAGS[arch=*]" = "-ObjC";
				PRODUCT_NAME = EditorTest;
				WRAPPER_EXTENSION = app;
			};
			name = Debug;
		};
		746B2A441925699C0026C671 /* Release */ = {
			isa = XCBuildConfiguration;
			buildSettings = {
				ASSETCATALOG_COMPILER_APPICON_NAME = AppIcon;
				ASSETCATALOG_COMPILER_LAUNCHIMAGE_NAME = LaunchImage;
				FRAMEWORK_SEARCH_PATHS = (
					"$(inherited)",
					"$(SYSTEM_APPS_DIR)/Reveal.app/Contents/SharedSupport/iOS-Libraries",
				);
				GCC_PRECOMPILE_PREFIX_HEADER = YES;
				GCC_PREFIX_HEADER = "EditorTest/EditorTest-Prefix.pch";
				INFOPLIST_FILE = "EditorTest/EditorTest-Info.plist";
				PRODUCT_NAME = EditorTest;
				WRAPPER_EXTENSION = app;
			};
			name = Release;
		};
		746B2A461925699C0026C671 /* Debug */ = {
			isa = XCBuildConfiguration;
			buildSettings = {
				BUNDLE_LOADER = "$(BUILT_PRODUCTS_DIR)/QuillTest.app/QuillTest";
				FRAMEWORK_SEARCH_PATHS = (
					"$(SDKROOT)/Developer/Library/Frameworks",
					"$(inherited)",
					"$(DEVELOPER_FRAMEWORKS_DIR)",
				);
				GCC_PRECOMPILE_PREFIX_HEADER = YES;
				GCC_PREFIX_HEADER = "QuillTest/QuillTest-Prefix.pch";
				GCC_PREPROCESSOR_DEFINITIONS = (
					"DEBUG=1",
					"$(inherited)",
				);
				INFOPLIST_FILE = "QuillTestTests/EditorTestTests-Info.plist";
				PRODUCT_NAME = EditorTestTests;
				TEST_HOST = "$(BUNDLE_LOADER)";
				WRAPPER_EXTENSION = xctest;
			};
			name = Debug;
		};
		746B2A471925699C0026C671 /* Release */ = {
			isa = XCBuildConfiguration;
			buildSettings = {
				BUNDLE_LOADER = "$(BUILT_PRODUCTS_DIR)/QuillTest.app/QuillTest";
				FRAMEWORK_SEARCH_PATHS = (
					"$(SDKROOT)/Developer/Library/Frameworks",
					"$(inherited)",
					"$(DEVELOPER_FRAMEWORKS_DIR)",
				);
				GCC_PRECOMPILE_PREFIX_HEADER = YES;
				GCC_PREFIX_HEADER = "QuillTest/QuillTest-Prefix.pch";
				INFOPLIST_FILE = "QuillTestTests/EditorTestTests-Info.plist";
				PRODUCT_NAME = EditorTestTests;
				TEST_HOST = "$(BUNDLE_LOADER)";
				WRAPPER_EXTENSION = xctest;
			};
			name = Release;
		};
/* End XCBuildConfiguration section */

/* Begin XCConfigurationList section */
		746B2A081925699B0026C671 /* Build configuration list for PBXProject "EditorTest" */ = {
			isa = XCConfigurationList;
			buildConfigurations = (
				746B2A401925699C0026C671 /* Debug */,
				746B2A411925699C0026C671 /* Release */,
			);
			defaultConfigurationIsVisible = 0;
			defaultConfigurationName = Release;
		};
		746B2A421925699C0026C671 /* Build configuration list for PBXNativeTarget "EditorTest" */ = {
			isa = XCConfigurationList;
			buildConfigurations = (
				746B2A431925699C0026C671 /* Debug */,
				746B2A441925699C0026C671 /* Release */,
			);
			defaultConfigurationIsVisible = 0;
			defaultConfigurationName = Release;
		};
		746B2A451925699C0026C671 /* Build configuration list for PBXNativeTarget "EditorTestTests" */ = {
			isa = XCConfigurationList;
			buildConfigurations = (
				746B2A461925699C0026C671 /* Debug */,
				746B2A471925699C0026C671 /* Release */,
			);
			defaultConfigurationIsVisible = 0;
			defaultConfigurationName = Release;
		};
/* End XCConfigurationList section */
	};
	rootObject = 746B2A051925699B0026C671 /* Project object */;
}
